
Microsoft Visual Studio Solution File, Format Version 12.00
# Visual Studio Version 16
VisualStudioVersion = 16.0.29806.167
MinimumVisualStudioVersion = 10.0.40219.1
Project("{FAE04EC0-301F-11D3-BF4B-00C04F79EFBC}") = "ThreeHousesPersonDataEditor", "ThreeHousesPersonDataEditor.csproj", "{5970BB8D-8B00-4A21-8693-39F2E97EE48D}"
EndProject
Global
	GlobalSection(SolutionConfigurationPlatforms) = preSolution
		Debug|Any CPU = Debug|Any CPU
		Release|Any CPU = Release|Any CPU
	EndGlobalSection
	GlobalSection(ProjectConfigurationPlatforms) = postSolution
		{5970BB8D-8B00-4A21-8693-39F2E97EE48D}.Debug|Any CPU.ActiveCfg = Debug|Any CPU
		{5970BB8D-8B00-4A21-8693-39F2E97EE48D}.Debug|Any CPU.Build.0 = Debug|Any CPU
		{5970BB8D-8B00-4A21-8693-39F2E97EE48D}.Release|Any CPU.ActiveCfg = Release|Any CPU
		{5970BB8D-8B00-4A21-8693-39F2E97EE48D}.Release|Any CPU.Build.0 = Release|Any CPU
	EndGlobalSection
	GlobalSection(SolutionProperties) = preSolution
		HideSolutionNode = FALSE
	EndGlobalSection
	GlobalSection(ExtensibilityGlobals) = postSolution
		SolutionGuid = {EDC96E2D-E0EC-4975-B09C-C6AF45270310}
	EndGlobalSection
EndGlobal
